
Microsoft Visual Studio Solution File, Format Version 12.00
# Visual Studio Version 16
VisualStudioVersion = 16.0.30607.51
MinimumVisualStudioVersion = 10.0.40219.1
Project("{FAE04EC0-301F-11D3-BF4B-00C04F79EFBC}") = "CallBillingGeneration", "CallBillingGeneration\CallBillingGeneration.csproj", "{6AB835A5-5345-44E4-BA3C-FCD6474B308C}"
EndProject
Global
	GlobalSection(SolutionConfigurationPlatforms) = preSolution
		Debug|Any CPU = Debug|Any CPU
		Release|Any CPU = Release|Any CPU
	EndGlobalSection
	GlobalSection(ProjectConfigurationPlatforms) = postSolution
		{6AB835A5-5345-44E4-BA3C-FCD6474B308C}.Debug|Any CPU.ActiveCfg = Debug|Any CPU
		{6AB835A5-5345-44E4-BA3C-FCD6474B308C}.Debug|Any CPU.Build.0 = Debug|Any CPU
		{6AB835A5-5345-44E4-BA3C-FCD6474B308C}.Release|Any CPU.ActiveCfg = Release|Any CPU
		{6AB835A5-5345-44E4-BA3C-FCD6474B308C}.Release|Any CPU.Build.0 = Release|Any CPU
	EndGlobalSection
	GlobalSection(SolutionProperties) = preSolution
		HideSolutionNode = FALSE
	EndGlobalSection
	GlobalSection(ExtensibilityGlobals) = postSolution
		SolutionGuid = {0C62337E-E018-4A09-84D5-99C06B8D750D}
	EndGlobalSection
EndGlobal
